
Microsoft Visual Studio Solution File, Format Version 12.00
# Visual Studio Version 16
VisualStudioVersion = 16.0.30804.86
MinimumVisualStudioVersion = 10.0.40219.1
Project("{FAE04EC0-301F-11D3-BF4B-00C04F79EFBC}") = "BlazorImgUpload", "BlazorImgUpload\BlazorImgUpload.csproj", "{646CAA7B-FFDC-4284-A9C5-0172B1DAF3FF}"
EndProject
Global
	GlobalSection(SolutionConfigurationPlatforms) = preSolution
		Debug|Any CPU = Debug|Any CPU
		Release|Any CPU = Release|Any CPU
	EndGlobalSection
	GlobalSection(ProjectConfigurationPlatforms) = postSolution
		{646CAA7B-FFDC-4284-A9C5-0172B1DAF3FF}.Debug|Any CPU.ActiveCfg = Debug|Any CPU
		{646CAA7B-FFDC-4284-A9C5-0172B1DAF3FF}.Debug|Any CPU.Build.0 = Debug|Any CPU
		{646CAA7B-FFDC-4284-A9C5-0172B1DAF3FF}.Release|Any CPU.ActiveCfg = Release|Any CPU
		{646CAA7B-FFDC-4284-A9C5-0172B1DAF3FF}.Release|Any CPU.Build.0 = Release|Any CPU
	EndGlobalSection
	GlobalSection(SolutionProperties) = preSolution
		HideSolutionNode = FALSE
	EndGlobalSection
	GlobalSection(ExtensibilityGlobals) = postSolution
		SolutionGuid = {2E6E4646-C178-4F38-BA41-A094DE406678}
	EndGlobalSection
EndGlobal
